
Microsoft Visual Studio Solution File, Format Version 12.00
# Visual Studio Version 17
VisualStudioVersion = 17.9.34723.18
MinimumVisualStudioVersion = 10.0.40219.1
Project("{FAE04EC0-301F-11D3-BF4B-00C04F79EFBC}") = "TypeScript_Pruebas", "TypeScript_Pruebas\TypeScript_Pruebas.csproj", "{A46DE23E-8D48-432C-B1D9-BA86EEF6BF0F}"
EndProject
Global
	GlobalSection(SolutionConfigurationPlatforms) = preSolution
		Debug|Any CPU = Debug|Any CPU
		Release|Any CPU = Release|Any CPU
	EndGlobalSection
	GlobalSection(ProjectConfigurationPlatforms) = postSolution
		{A46DE23E-8D48-432C-B1D9-BA86EEF6BF0F}.Debug|Any CPU.ActiveCfg = Debug|Any CPU
		{A46DE23E-8D48-432C-B1D9-BA86EEF6BF0F}.Debug|Any CPU.Build.0 = Debug|Any CPU
		{A46DE23E-8D48-432C-B1D9-BA86EEF6BF0F}.Release|Any CPU.ActiveCfg = Release|Any CPU
		{A46DE23E-8D48-432C-B1D9-BA86EEF6BF0F}.Release|Any CPU.Build.0 = Release|Any CPU
	EndGlobalSection
	GlobalSection(SolutionProperties) = preSolution
		HideSolutionNode = FALSE
	EndGlobalSection
	GlobalSection(ExtensibilityGlobals) = postSolution
		SolutionGuid = {BA88CF83-EE42-466F-9C49-CD691B188CE9}
	EndGlobalSection
EndGlobal
